{
  "name": "@llblab/pi-kit",
  "version": "0.25.0",
  "lockfileVersion": 3,
  "requires": true,
  "packages": {
    "": {
      "name": "@llblab/pi-kit",
      "version": "0.25.0",
      "bundleDependencies": [
        "@llblab/pi-actors",
        "@llblab/pi-claude-usage",
        "@llblab/pi-clean-room",
        "@llblab/pi-codex-usage",
        "@llblab/pi-grow-loop",
        "@llblab/pi-state-flow",
        "@llblab/pi-telegram",
        "@llblab/skills"
      ],
      "license": "MIT",
      "dependencies": {
        "@llblab/pi-actors": "0.53.2",
        "@llblab/pi-claude-usage": "0.1.1",
        "@llblab/pi-clean-room": "0.2.0",
        "@llblab/pi-codex-usage": "0.10.0",
        "@llblab/pi-grow-loop": "0.8.2",
        "@llblab/pi-state-flow": "0.23.0",
        "@llblab/pi-telegram": "0.51.5",
        "@llblab/skills": "1.15.0"
      },
      "engines": {
        "node": ">=22.19.0"
      }
    },
    "node_modules/@llblab/pi-actors": {
      "version": "0.53.2",
      "resolved": "https://registry.npmjs.org/@llblab/pi-actors/-/pi-actors-0.53.2.tgz",
      "integrity": "sha512-WbvZs5WVESBLPAp3xd4b6YKaSwk619kHgmSGZIabYMZ0Owiu6T1UkJFmq1sMhXZBBd4popwS/QFpSfNuM/oYmw==",
      "inBundle": true,
      "license": "MIT",
      "engines": {
        "node": ">=22.19.0"
      },
      "peerDependencies": {
        "@earendil-works/pi-coding-agent": ">=0.84.4",
        "@earendil-works/pi-tui": ">=0.84.4"
      }
    },
    "node_modules/@llblab/pi-claude-usage": {
      "version": "0.1.1",
      "resolved": "https://registry.npmjs.org/@llblab/pi-claude-usage/-/pi-claude-usage-0.1.1.tgz",
      "integrity": "sha512-73dby5MguQDB48U/udjhMtyHxc+/poXGmLXvhkTF2OceSwaXUjNoXSqHl8xM+T2x6t/w7P8psKpDL76Ax7DR0w==",
      "inBundle": true,
      "license": "MIT",
      "engines": {
        "node": ">=22.19.0"
      },
      "peerDependencies": {
        "@earendil-works/pi-agent-core": "*",
        "@earendil-works/pi-ai": "*",
        "@earendil-works/pi-coding-agent": "*",
        "@sinclair/typebox": "*"
      }
    },
    "node_modules/@llblab/pi-clean-room": {
      "version": "0.2.0",
      "resolved": "https://registry.npmjs.org/@llblab/pi-clean-room/-/pi-clean-room-0.2.0.tgz",
      "integrity": "sha512-USv+yeX1KXcNSVYQIhC8xAdHsk+K0igQwmuY+zUJz9TrTHSN2GA5bz4N/Il5Beh//uvg96kYbSO0iZ+/eUi79w==",
      "inBundle": true,
      "license": "MIT",
      "engines": {
        "node": ">=22.19.0"
      },
      "peerDependencies": {
        "@earendil-works/pi-coding-agent": "*"
      }
    },
    "node_modules/@llblab/pi-codex-usage": {
      "version": "0.10.0",
      "resolved": "https://registry.npmjs.org/@llblab/pi-codex-usage/-/pi-codex-usage-0.10.0.tgz",
      "integrity": "sha512-U5ea5eXoW+Kq7OHrS6TLeck6qtb0B/DtyCEhJb7KRp4MfcRl0Iiv4AbadgKzTI2mSP2+NQI+sfDpSpdAP99orA==",
      "inBundle": true,
      "license": "MIT",
      "engines": {
        "node": ">=22.19.0"
      },
      "peerDependencies": {
        "@earendil-works/pi-agent-core": "*",
        "@earendil-works/pi-ai": "*",
        "@earendil-works/pi-coding-agent": "*",
        "@sinclair/typebox": "*"
      }
    },
    "node_modules/@llblab/pi-grow-loop": {
      "version": "0.8.2",
      "resolved": "https://registry.npmjs.org/@llblab/pi-grow-loop/-/pi-grow-loop-0.8.2.tgz",
      "integrity": "sha512-tEu+2GbwNzcwBFOhZtkJhbleFAIMmHy9brCFODVk3u4XzWPuA3G0Fk91ZNAgy5H72VXrJkwl+3mg7n1yzyedZA==",
      "inBundle": true,
      "license": "MIT",
      "engines": {
        "node": ">=22.19.0"
      },
      "peerDependencies": {
        "@earendil-works/pi-coding-agent": ">=0.80.4",
        "typebox": "*"
      }
    },
    "node_modules/@llblab/pi-state-flow": {
      "version": "0.23.0",
      "resolved": "https://registry.npmjs.org/@llblab/pi-state-flow/-/pi-state-flow-0.23.0.tgz",
      "integrity": "sha512-JcjRkxRQlbQ/4rtY+NyNVtJb1vKUYjKO1mcv7Da0azQQBBCLNdBZQXWk1zdmqlHfnXriwe9rAidlNb0kHcEvAw==",
      "inBundle": true,
      "engines": {
        "node": ">=22.19.0"
      },
      "peerDependencies": {
        "@earendil-works/pi-agent-core": ">=0.87.0",
        "@earendil-works/pi-ai": ">=0.87.0",
        "@earendil-works/pi-coding-agent": ">=0.87.0",
        "@earendil-works/pi-tui": ">=0.87.0"
      }
    },
    "node_modules/@llblab/pi-telegram": {
      "version": "0.51.5",
      "resolved": "https://registry.npmjs.org/@llblab/pi-telegram/-/pi-telegram-0.51.5.tgz",
      "integrity": "sha512-m2hO7TcC2FWvR0HcQThYzSbhM1H470YZmixhbQ8dTrdSEfbW9pyLVUNHLb0IASfZrsGv/GANf4dAYRGzgrSZMA==",
      "inBundle": true,
      "license": "MIT",
      "engines": {
        "node": ">=22.19.0"
      },
      "peerDependencies": {
        "@earendil-works/pi-agent-core": ">=0.84.4",
        "@earendil-works/pi-ai": ">=0.84.4",
        "@earendil-works/pi-coding-agent": ">=0.84.4",
        "@sinclair/typebox": "*"
      }
    },
    "node_modules/@llblab/skills": {
      "version": "1.15.0",
      "resolved": "https://registry.npmjs.org/@llblab/skills/-/skills-1.15.0.tgz",
      "integrity": "sha512-cE2JpbzxFxnxZhYje7cjUhaRcuyF4sUtdILx0j9+Dn90CSWYgusc5lQlQNgP15HMdzwi1OeuWPryh4bmNCdkSg==",
      "inBundle": true,
      "license": "MIT"
    }
  }
}
